
Microsoft Visual Studio Solution File, Format Version 12.00
# Visual Studio Version 17
VisualStudioVersion = 17.9.34728.123
MinimumVisualStudioVersion = 10.0.40219.1
Project("{FAE04EC0-301F-11D3-BF4B-00C04F79EFBC}") = "MvcCrudOperetionWithDependecy", "MvcCrudOperetionWithDependecy\MvcCrudOperetionWithDependecy.csproj", "{F3C0D585-2FD1-4EC7-8592-B548F30AE81B}"
EndProject
Global
	GlobalSection(SolutionConfigurationPlatforms) = preSolution
		Debug|Any CPU = Debug|Any CPU
		Release|Any CPU = Release|Any CPU
	EndGlobalSection
	GlobalSection(ProjectConfigurationPlatforms) = postSolution
		{F3C0D585-2FD1-4EC7-8592-B548F30AE81B}.Debug|Any CPU.ActiveCfg = Debug|Any CPU
		{F3C0D585-2FD1-4EC7-8592-B548F30AE81B}.Debug|Any CPU.Build.0 = Debug|Any CPU
		{F3C0D585-2FD1-4EC7-8592-B548F30AE81B}.Release|Any CPU.ActiveCfg = Release|Any CPU
		{F3C0D585-2FD1-4EC7-8592-B548F30AE81B}.Release|Any CPU.Build.0 = Release|Any CPU
	EndGlobalSection
	GlobalSection(SolutionProperties) = preSolution
		HideSolutionNode = FALSE
	EndGlobalSection
	GlobalSection(ExtensibilityGlobals) = postSolution
		SolutionGuid = {A0985412-3F11-4658-B69A-74F8A1A4F3E6}
	EndGlobalSection
EndGlobal
